
Microsoft Visual Studio Solution File, Format Version 12.00
# Visual Studio Version 17
VisualStudioVersion = 17.4.33110.190
MinimumVisualStudioVersion = 10.0.40219.1
Project("{FAE04EC0-301F-11D3-BF4B-00C04F79EFBC}") = "HolidayApps", "HolidayApps\HolidayApps.csproj", "{B4A869AA-653D-43C6-9B9E-A1C0BFC4D2BA}"
EndProject
Project("{FAE04EC0-301F-11D3-BF4B-00C04F79EFBC}") = "BUS", "BUS\BUS.csproj", "{29797513-1C02-43CA-90D5-107C34F8819B}"
EndProject
Project("{FAE04EC0-301F-11D3-BF4B-00C04F79EFBC}") = "DAL", "DAL\DAL.csproj", "{A071940B-E156-443D-BADA-233065FC7F8F}"
EndProject
Project("{FAE04EC0-301F-11D3-BF4B-00C04F79EFBC}") = "DTO", "DTO\DTO.csproj", "{87489D61-8B2E-453F-A597-310E94CA6389}"
EndProject
Global
	GlobalSection(SolutionConfigurationPlatforms) = preSolution
		Debug|Any CPU = Debug|Any CPU
		Release|Any CPU = Release|Any CPU
	EndGlobalSection
	GlobalSection(ProjectConfigurationPlatforms) = postSolution
		{B4A869AA-653D-43C6-9B9E-A1C0BFC4D2BA}.Debug|Any CPU.ActiveCfg = Debug|Any CPU
		{B4A869AA-653D-43C6-9B9E-A1C0BFC4D2BA}.Debug|Any CPU.Build.0 = Debug|Any CPU
		{B4A869AA-653D-43C6-9B9E-A1C0BFC4D2BA}.Release|Any CPU.ActiveCfg = Release|Any CPU
		{B4A869AA-653D-43C6-9B9E-A1C0BFC4D2BA}.Release|Any CPU.Build.0 = Release|Any CPU
		{29797513-1C02-43CA-90D5-107C34F8819B}.Debug|Any CPU.ActiveCfg = Debug|Any CPU
		{29797513-1C02-43CA-90D5-107C34F8819B}.Debug|Any CPU.Build.0 = Debug|Any CPU
		{29797513-1C02-43CA-90D5-107C34F8819B}.Release|Any CPU.ActiveCfg = Release|Any CPU
		{29797513-1C02-43CA-90D5-107C34F8819B}.Release|Any CPU.Build.0 = Release|Any CPU
		{A071940B-E156-443D-BADA-233065FC7F8F}.Debug|Any CPU.ActiveCfg = Debug|Any CPU
		{A071940B-E156-443D-BADA-233065FC7F8F}.Debug|Any CPU.Build.0 = Debug|Any CPU
		{A071940B-E156-443D-BADA-233065FC7F8F}.Release|Any CPU.ActiveCfg = Release|Any CPU
		{A071940B-E156-443D-BADA-233065FC7F8F}.Release|Any CPU.Build.0 = Release|Any CPU
		{87489D61-8B2E-453F-A597-310E94CA6389}.Debug|Any CPU.ActiveCfg = Debug|Any CPU
		{87489D61-8B2E-453F-A597-310E94CA6389}.Debug|Any CPU.Build.0 = Debug|Any CPU
		{87489D61-8B2E-453F-A597-310E94CA6389}.Release|Any CPU.ActiveCfg = Release|Any CPU
		{87489D61-8B2E-453F-A597-310E94CA6389}.Release|Any CPU.Build.0 = Release|Any CPU
	EndGlobalSection
	GlobalSection(SolutionProperties) = preSolution
		HideSolutionNode = FALSE
	EndGlobalSection
	GlobalSection(ExtensibilityGlobals) = postSolution
		SolutionGuid = {67E5E393-0115-4B0D-9584-B9D29996B251}
	EndGlobalSection
EndGlobal
